
Microsoft Visual Studio Solution File, Format Version 12.00
# Visual Studio Version 16
VisualStudioVersion = 16.0.31702.278
MinimumVisualStudioVersion = 10.0.40219.1
Project("{FAE04EC0-301F-11D3-BF4B-00C04F79EFBC}") = "TemplateDesignPattern", "TemplateMethod,VisitorDesignPatterns\TemplateDesignPattern.csproj", "{AFFD2DB8-499B-4B69-A09B-68FF3A3E1BCE}"
EndProject
Project("{FAE04EC0-301F-11D3-BF4B-00C04F79EFBC}") = "VisitorDesignPattern", "VisitorDesignPattern\VisitorDesignPattern.csproj", "{D3A13165-E021-4C09-9151-65EBD79B5280}"
EndProject
Global
	GlobalSection(SolutionConfigurationPlatforms) = preSolution
		Debug|Any CPU = Debug|Any CPU
		Release|Any CPU = Release|Any CPU
	EndGlobalSection
	GlobalSection(ProjectConfigurationPlatforms) = postSolution
		{AFFD2DB8-499B-4B69-A09B-68FF3A3E1BCE}.Debug|Any CPU.ActiveCfg = Debug|Any CPU
		{AFFD2DB8-499B-4B69-A09B-68FF3A3E1BCE}.Debug|Any CPU.Build.0 = Debug|Any CPU
		{AFFD2DB8-499B-4B69-A09B-68FF3A3E1BCE}.Release|Any CPU.ActiveCfg = Release|Any CPU
		{AFFD2DB8-499B-4B69-A09B-68FF3A3E1BCE}.Release|Any CPU.Build.0 = Release|Any CPU
		{D3A13165-E021-4C09-9151-65EBD79B5280}.Debug|Any CPU.ActiveCfg = Debug|Any CPU
		{D3A13165-E021-4C09-9151-65EBD79B5280}.Debug|Any CPU.Build.0 = Debug|Any CPU
		{D3A13165-E021-4C09-9151-65EBD79B5280}.Release|Any CPU.ActiveCfg = Release|Any CPU
		{D3A13165-E021-4C09-9151-65EBD79B5280}.Release|Any CPU.Build.0 = Release|Any CPU
	EndGlobalSection
	GlobalSection(SolutionProperties) = preSolution
		HideSolutionNode = FALSE
	EndGlobalSection
	GlobalSection(ExtensibilityGlobals) = postSolution
		SolutionGuid = {162F127F-8A21-41E9-96E4-47B163F8F458}
	EndGlobalSection
EndGlobal
